
Microsoft Visual Studio Solution File, Format Version 12.00
# Visual Studio 14
VisualStudioVersion = 14.0.23107.0
MinimumVisualStudioVersion = 10.0.40219.1
Project("{FAE04EC0-301F-11D3-BF4B-00C04F79EFBC}") = "BookStore", "BookStore\BookStore.csproj", "{EF6B568B-3AC6-42CD-A7F7-38135B9A28C0}"
EndProject
Project("{FAE04EC0-301F-11D3-BF4B-00C04F79EFBC}") = "BLL", "BLL\BLL.csproj", "{493FE7C1-9AB6-431C-9087-C4336EFF7CAD}"
EndProject
Project("{FAE04EC0-301F-11D3-BF4B-00C04F79EFBC}") = "DAL", "DAL\DAL.csproj", "{FFF30C5E-D786-4216-94FD-F230BE46439C}"
EndProject
Project("{FAE04EC0-301F-11D3-BF4B-00C04F79EFBC}") = "Model", "Model\Model.csproj", "{0A00FC81-0CE9-430C-8FBD-880544622C42}"
EndProject
Project("{FAE04EC0-301F-11D3-BF4B-00C04F79EFBC}") = "DAL2", "DAL2\DAL2.csproj", "{E3395B7C-A844-40CB-99A6-32EA61B190D1}"
EndProject
Project("{FAE04EC0-301F-11D3-BF4B-00C04F79EFBC}") = "Enhetstest", "Enhetstest\Enhetstest.csproj", "{9C0872F5-226F-4639-9806-5154A5FA6DC3}"
EndProject
Global
	GlobalSection(SolutionConfigurationPlatforms) = preSolution
		Debug|Any CPU = Debug|Any CPU
		Release|Any CPU = Release|Any CPU
	EndGlobalSection
	GlobalSection(ProjectConfigurationPlatforms) = postSolution
		{EF6B568B-3AC6-42CD-A7F7-38135B9A28C0}.Debug|Any CPU.ActiveCfg = Debug|Any CPU
		{EF6B568B-3AC6-42CD-A7F7-38135B9A28C0}.Debug|Any CPU.Build.0 = Debug|Any CPU
		{EF6B568B-3AC6-42CD-A7F7-38135B9A28C0}.Release|Any CPU.ActiveCfg = Release|Any CPU
		{EF6B568B-3AC6-42CD-A7F7-38135B9A28C0}.Release|Any CPU.Build.0 = Release|Any CPU
		{493FE7C1-9AB6-431C-9087-C4336EFF7CAD}.Debug|Any CPU.ActiveCfg = Debug|Any CPU
		{493FE7C1-9AB6-431C-9087-C4336EFF7CAD}.Debug|Any CPU.Build.0 = Debug|Any CPU
		{493FE7C1-9AB6-431C-9087-C4336EFF7CAD}.Release|Any CPU.ActiveCfg = Release|Any CPU
		{493FE7C1-9AB6-431C-9087-C4336EFF7CAD}.Release|Any CPU.Build.0 = Release|Any CPU
		{FFF30C5E-D786-4216-94FD-F230BE46439C}.Debug|Any CPU.ActiveCfg = Debug|Any CPU
		{FFF30C5E-D786-4216-94FD-F230BE46439C}.Debug|Any CPU.Build.0 = Debug|Any CPU
		{FFF30C5E-D786-4216-94FD-F230BE46439C}.Release|Any CPU.ActiveCfg = Release|Any CPU
		{FFF30C5E-D786-4216-94FD-F230BE46439C}.Release|Any CPU.Build.0 = Release|Any CPU
		{0A00FC81-0CE9-430C-8FBD-880544622C42}.Debug|Any CPU.ActiveCfg = Debug|Any CPU
		{0A00FC81-0CE9-430C-8FBD-880544622C42}.Debug|Any CPU.Build.0 = Debug|Any CPU
		{0A00FC81-0CE9-430C-8FBD-880544622C42}.Release|Any CPU.ActiveCfg = Release|Any CPU
		{0A00FC81-0CE9-430C-8FBD-880544622C42}.Release|Any CPU.Build.0 = Release|Any CPU
		{E3395B7C-A844-40CB-99A6-32EA61B190D1}.Debug|Any CPU.ActiveCfg = Debug|Any CPU
		{E3395B7C-A844-40CB-99A6-32EA61B190D1}.Debug|Any CPU.Build.0 = Debug|Any CPU
		{E3395B7C-A844-40CB-99A6-32EA61B190D1}.Release|Any CPU.ActiveCfg = Release|Any CPU
		{E3395B7C-A844-40CB-99A6-32EA61B190D1}.Release|Any CPU.Build.0 = Release|Any CPU
		{9C0872F5-226F-4639-9806-5154A5FA6DC3}.Debug|Any CPU.ActiveCfg = Debug|Any CPU
		{9C0872F5-226F-4639-9806-5154A5FA6DC3}.Debug|Any CPU.Build.0 = Debug|Any CPU
		{9C0872F5-226F-4639-9806-5154A5FA6DC3}.Release|Any CPU.ActiveCfg = Release|Any CPU
		{9C0872F5-226F-4639-9806-5154A5FA6DC3}.Release|Any CPU.Build.0 = Release|Any CPU
	EndGlobalSection
	GlobalSection(SolutionProperties) = preSolution
		HideSolutionNode = FALSE
	EndGlobalSection
EndGlobal
